
Microsoft Visual Studio Solution File, Format Version 12.00
# Visual Studio Version 16
VisualStudioVersion = 16.0.30503.244
MinimumVisualStudioVersion = 10.0.40219.1
Project("{FAE04EC0-301F-11D3-BF4B-00C04F79EFBC}") = "SalesWebMvc", "SalesWebMvc\SalesWebMvc.csproj", "{56DE7294-9805-4499-A90E-21BEDE7933FC}"
EndProject
Global
	GlobalSection(SolutionConfigurationPlatforms) = preSolution
		Debug|Any CPU = Debug|Any CPU
		Release|Any CPU = Release|Any CPU
	EndGlobalSection
	GlobalSection(ProjectConfigurationPlatforms) = postSolution
		{56DE7294-9805-4499-A90E-21BEDE7933FC}.Debug|Any CPU.ActiveCfg = Debug|Any CPU
		{56DE7294-9805-4499-A90E-21BEDE7933FC}.Debug|Any CPU.Build.0 = Debug|Any CPU
		{56DE7294-9805-4499-A90E-21BEDE7933FC}.Release|Any CPU.ActiveCfg = Release|Any CPU
		{56DE7294-9805-4499-A90E-21BEDE7933FC}.Release|Any CPU.Build.0 = Release|Any CPU
	EndGlobalSection
	GlobalSection(SolutionProperties) = preSolution
		HideSolutionNode = FALSE
	EndGlobalSection
	GlobalSection(ExtensibilityGlobals) = postSolution
		SolutionGuid = {CBA8A721-5529-4EE0-A340-B140D53801D8}
	EndGlobalSection
EndGlobal
